
Microsoft Visual Studio Solution File, Format Version 12.00
# Visual Studio Version 16
VisualStudioVersion = 16.0.30204.135
MinimumVisualStudioVersion = 10.0.40219.1
Project("{9A19103F-16F7-4668-BE54-9A1E7A4F7556}") = "cg2labweb", "cg2labweb\cg2labweb.csproj", "{183D8327-EB00-4BC8-8582-A6271B046B2B}"
EndProject
Project("{9A19103F-16F7-4668-BE54-9A1E7A4F7556}") = "Service", "Service\Service.csproj", "{A934AA12-685F-4A26-92C0-DC75B27BD6F3}"
EndProject
Project("{9A19103F-16F7-4668-BE54-9A1E7A4F7556}") = "infra", "infra\infra.csproj", "{83F4A2A9-DF88-4531-8934-ED1DFC323C00}"
EndProject
Global
	GlobalSection(SolutionConfigurationPlatforms) = preSolution
		Debug|Any CPU = Debug|Any CPU
		Release|Any CPU = Release|Any CPU
	EndGlobalSection
	GlobalSection(ProjectConfigurationPlatforms) = postSolution
		{183D8327-EB00-4BC8-8582-A6271B046B2B}.Debug|Any CPU.ActiveCfg = Debug|Any CPU
		{183D8327-EB00-4BC8-8582-A6271B046B2B}.Debug|Any CPU.Build.0 = Debug|Any CPU
		{183D8327-EB00-4BC8-8582-A6271B046B2B}.Release|Any CPU.ActiveCfg = Release|Any CPU
		{183D8327-EB00-4BC8-8582-A6271B046B2B}.Release|Any CPU.Build.0 = Release|Any CPU
		{A934AA12-685F-4A26-92C0-DC75B27BD6F3}.Debug|Any CPU.ActiveCfg = Debug|Any CPU
		{A934AA12-685F-4A26-92C0-DC75B27BD6F3}.Debug|Any CPU.Build.0 = Debug|Any CPU
		{A934AA12-685F-4A26-92C0-DC75B27BD6F3}.Release|Any CPU.ActiveCfg = Release|Any CPU
		{A934AA12-685F-4A26-92C0-DC75B27BD6F3}.Release|Any CPU.Build.0 = Release|Any CPU
		{83F4A2A9-DF88-4531-8934-ED1DFC323C00}.Debug|Any CPU.ActiveCfg = Debug|Any CPU
		{83F4A2A9-DF88-4531-8934-ED1DFC323C00}.Debug|Any CPU.Build.0 = Debug|Any CPU
		{83F4A2A9-DF88-4531-8934-ED1DFC323C00}.Release|Any CPU.ActiveCfg = Release|Any CPU
		{83F4A2A9-DF88-4531-8934-ED1DFC323C00}.Release|Any CPU.Build.0 = Release|Any CPU
	EndGlobalSection
	GlobalSection(SolutionProperties) = preSolution
		HideSolutionNode = FALSE
	EndGlobalSection
	GlobalSection(ExtensibilityGlobals) = postSolution
		SolutionGuid = {0EC65C51-7C1F-4BBD-8F51-D0628B2CAB47}
	EndGlobalSection
EndGlobal
